
Microsoft Visual Studio Solution File, Format Version 12.00
# Visual Studio 15
VisualStudioVersion = 15.0.27428.2037
MinimumVisualStudioVersion = 10.0.40219.1
Project("{FAE04EC0-301F-11D3-BF4B-00C04F79EFBC}") = "RecognitionLibrary", "RecognitionLibrary\RecognitionLibrary.csproj", "{B27BC1C1-AEC5-4048-A70F-D598340FA414}"
EndProject
Project("{FAE04EC0-301F-11D3-BF4B-00C04F79EFBC}") = "ImageFast", "ImageFast\ImageFast.csproj", "{1B57650C-8410-46F0-B995-9CBCF5B00384}"
EndProject
Project("{FAE04EC0-301F-11D3-BF4B-00C04F79EFBC}") = "Models", "Models\Models.csproj", "{5A485A5E-7CA7-4666-A588-C468C374A3CD}"
EndProject
Project("{FAE04EC0-301F-11D3-BF4B-00C04F79EFBC}") = "SegmentationLibrary", "SegmentationLibrary\SegmentationLibrary.csproj", "{343F03B4-5A03-4180-9E57-49943BB08ADB}"
EndProject
Project("{FAE04EC0-301F-11D3-BF4B-00C04F79EFBC}") = "ExtractionLibrary", "ExtractionLibrary\ExtractionLibrary.csproj", "{0E80A3CC-A1D2-4B5E-9916-DC7A9BA1E8E5}"
EndProject
Project("{FAE04EC0-301F-11D3-BF4B-00C04F79EFBC}") = "MatchingLibrary", "MatchingLibrary\MatchingLibrary.csproj", "{EE5D97E8-A329-4D27-AC41-7CE8951A5206}"
EndProject
Project("{FAE04EC0-301F-11D3-BF4B-00C04F79EFBC}") = "NormalizationLibrary", "NormalizationLibrary\NormalizationLibrary.csproj", "{CD846961-F701-41CE-A7D5-4EC0D9F908D0}"
EndProject
Project("{FAE04EC0-301F-11D3-BF4B-00C04F79EFBC}") = "IrisRecognitionLab", "IrisRecognitionLab\IrisRecognitionLab.csproj", "{A9464DC3-A497-424D-AE83-166596656A98}"
EndProject
Global
	GlobalSection(SolutionConfigurationPlatforms) = preSolution
		Debug|Any CPU = Debug|Any CPU
		Release|Any CPU = Release|Any CPU
	EndGlobalSection
	GlobalSection(ProjectConfigurationPlatforms) = postSolution
		{B27BC1C1-AEC5-4048-A70F-D598340FA414}.Debug|Any CPU.ActiveCfg = Debug|Any CPU
		{B27BC1C1-AEC5-4048-A70F-D598340FA414}.Debug|Any CPU.Build.0 = Debug|Any CPU
		{B27BC1C1-AEC5-4048-A70F-D598340FA414}.Release|Any CPU.ActiveCfg = Release|Any CPU
		{B27BC1C1-AEC5-4048-A70F-D598340FA414}.Release|Any CPU.Build.0 = Release|Any CPU
		{1B57650C-8410-46F0-B995-9CBCF5B00384}.Debug|Any CPU.ActiveCfg = Debug|Any CPU
		{1B57650C-8410-46F0-B995-9CBCF5B00384}.Debug|Any CPU.Build.0 = Debug|Any CPU
		{1B57650C-8410-46F0-B995-9CBCF5B00384}.Release|Any CPU.ActiveCfg = Release|Any CPU
		{1B57650C-8410-46F0-B995-9CBCF5B00384}.Release|Any CPU.Build.0 = Release|Any CPU
		{5A485A5E-7CA7-4666-A588-C468C374A3CD}.Debug|Any CPU.ActiveCfg = Debug|Any CPU
		{5A485A5E-7CA7-4666-A588-C468C374A3CD}.Debug|Any CPU.Build.0 = Debug|Any CPU
		{5A485A5E-7CA7-4666-A588-C468C374A3CD}.Release|Any CPU.ActiveCfg = Release|Any CPU
		{5A485A5E-7CA7-4666-A588-C468C374A3CD}.Release|Any CPU.Build.0 = Release|Any CPU
		{343F03B4-5A03-4180-9E57-49943BB08ADB}.Debug|Any CPU.ActiveCfg = Debug|Any CPU
		{343F03B4-5A03-4180-9E57-49943BB08ADB}.Debug|Any CPU.Build.0 = Debug|Any CPU
		{343F03B4-5A03-4180-9E57-49943BB08ADB}.Release|Any CPU.ActiveCfg = Release|Any CPU
		{343F03B4-5A03-4180-9E57-49943BB08ADB}.Release|Any CPU.Build.0 = Release|Any CPU
		{0E80A3CC-A1D2-4B5E-9916-DC7A9BA1E8E5}.Debug|Any CPU.ActiveCfg = Debug|Any CPU
		{0E80A3CC-A1D2-4B5E-9916-DC7A9BA1E8E5}.Debug|Any CPU.Build.0 = Debug|Any CPU
		{0E80A3CC-A1D2-4B5E-9916-DC7A9BA1E8E5}.Release|Any CPU.ActiveCfg = Release|Any CPU
		{0E80A3CC-A1D2-4B5E-9916-DC7A9BA1E8E5}.Release|Any CPU.Build.0 = Release|Any CPU
		{EE5D97E8-A329-4D27-AC41-7CE8951A5206}.Debug|Any CPU.ActiveCfg = Debug|Any CPU
		{EE5D97E8-A329-4D27-AC41-7CE8951A5206}.Debug|Any CPU.Build.0 = Debug|Any CPU
		{EE5D97E8-A329-4D27-AC41-7CE8951A5206}.Release|Any CPU.ActiveCfg = Release|Any CPU
		{EE5D97E8-A329-4D27-AC41-7CE8951A5206}.Release|Any CPU.Build.0 = Release|Any CPU
		{CD846961-F701-41CE-A7D5-4EC0D9F908D0}.Debug|Any CPU.ActiveCfg = Debug|Any CPU
		{CD846961-F701-41CE-A7D5-4EC0D9F908D0}.Debug|Any CPU.Build.0 = Debug|Any CPU
		{CD846961-F701-41CE-A7D5-4EC0D9F908D0}.Release|Any CPU.ActiveCfg = Release|Any CPU
		{CD846961-F701-41CE-A7D5-4EC0D9F908D0}.Release|Any CPU.Build.0 = Release|Any CPU
		{A9464DC3-A497-424D-AE83-166596656A98}.Debug|Any CPU.ActiveCfg = Debug|Any CPU
		{A9464DC3-A497-424D-AE83-166596656A98}.Debug|Any CPU.Build.0 = Debug|Any CPU
		{A9464DC3-A497-424D-AE83-166596656A98}.Release|Any CPU.ActiveCfg = Release|Any CPU
		{A9464DC3-A497-424D-AE83-166596656A98}.Release|Any CPU.Build.0 = Release|Any CPU
	EndGlobalSection
	GlobalSection(SolutionProperties) = preSolution
		HideSolutionNode = FALSE
	EndGlobalSection
	GlobalSection(ExtensibilityGlobals) = postSolution
		SolutionGuid = {D073CBC6-FEB5-4DE0-AB2F-416D29F445C8}
	EndGlobalSection
EndGlobal
